
Microsoft Visual Studio Solution File, Format Version 12.00
# Visual Studio 14
VisualStudioVersion = 14.0.25420.1
MinimumVisualStudioVersion = 10.0.40219.1
Project("{FAE04EC0-301F-11D3-BF4B-00C04F79EFBC}") = "ExportSonglist", "ExportSonglist\ExportSonglist.csproj", "{EFAF333C-C32E-4E4B-A453-F7F95D884A43}"
EndProject
Project("{FAE04EC0-301F-11D3-BF4B-00C04F79EFBC}") = "QueenBeeParser", "QueenBee\QueenBeeParser\QueenBeeParser.csproj", "{EEFF0E58-CD15-4D7B-945C-2C2F0584D43B}"
EndProject
Global
	GlobalSection(SolutionConfigurationPlatforms) = preSolution
		Debug|Any CPU = Debug|Any CPU
		Release|Any CPU = Release|Any CPU
	EndGlobalSection
	GlobalSection(ProjectConfigurationPlatforms) = postSolution
		{EFAF333C-C32E-4E4B-A453-F7F95D884A43}.Debug|Any CPU.ActiveCfg = Debug|Any CPU
		{EFAF333C-C32E-4E4B-A453-F7F95D884A43}.Debug|Any CPU.Build.0 = Debug|Any CPU
		{EFAF333C-C32E-4E4B-A453-F7F95D884A43}.Release|Any CPU.ActiveCfg = Release|Any CPU
		{EFAF333C-C32E-4E4B-A453-F7F95D884A43}.Release|Any CPU.Build.0 = Release|Any CPU
		{EEFF0E58-CD15-4D7B-945C-2C2F0584D43B}.Debug|Any CPU.ActiveCfg = Debug|Any CPU
		{EEFF0E58-CD15-4D7B-945C-2C2F0584D43B}.Debug|Any CPU.Build.0 = Debug|Any CPU
		{EEFF0E58-CD15-4D7B-945C-2C2F0584D43B}.Release|Any CPU.ActiveCfg = Release|Any CPU
		{EEFF0E58-CD15-4D7B-945C-2C2F0584D43B}.Release|Any CPU.Build.0 = Release|Any CPU
	EndGlobalSection
	GlobalSection(SolutionProperties) = preSolution
		HideSolutionNode = FALSE
	EndGlobalSection
EndGlobal
